github.com/google/go-containerregistry v0.0.0-20190222233527-d357049f9ee7 h1:DXHQAqKF9POFm6+OXbiZHOazeiIfqw5iIETklbhpZLk=
github.com/google/go-containerregistry v0.0.0-20190222233527-d357049f9ee7/go.mod h1:yZAFP63pRshzrEYLXLGPmUt0Ay+2zdjmMN1loCnRLUk=
github.com/google/go-containerregistry v0.0.0-20190222233527-d3e6a441f49f h1:LLhgrQp7dMLFN1CiB0z33RlQMF5fYrOgPM7Ns9m1ojo=
github.com/google/go-containerregistry v0.0.0-20190222233527-d3e6a441f49f/go.mod h1:yZAFP63pRshzrEYLXLGPmUt0Ay+2zdjmMN1loCnRLUk=
golang.org/x/sync v0.0.0-20190227155943-e225da77a7e6 h1:bjcUS9ztw9kFmmIxJInhon/0Is3p+EHBKNgquIzo1OI=
golang.org/x/sync v0.0.0-20190227155943-e225da77a7e6/go.mod h1:RxMgew5VJxzue5/jJTE5uejpjVlOe/izrB70Jof72aM=
